// !$*UTF8*$!
{
	archiveVersion = 1;
	classes = {
	};
	objectVersion = 56;
	objects = {

/* Begin PBXBuildFile section */
		321AD9492B9357B900F2E8E8 /* CoinModel.swift in Sources */ = {isa = PBXBuildFile; fileRef = 321AD9482B9357B900F2E8E8 /* CoinModel.swift */; };
		321AD94B2B936F5200F2E8E8 /* ApiCalls.swift in Sources */ = {isa = PBXBuildFile; fileRef = 321AD94A2B936F5200F2E8E8 /* ApiCalls.swift */; };
		321AD94D2B93701B00F2E8E8 /* CoinRowView.swift in Sources */ = {isa = PBXBuildFile; fileRef = 321AD94C2B93701B00F2E8E8 /* CoinRowView.swift */; };
		321AD94F2B9372AC00F2E8E8 /* ReviewProvider.swift in Sources */ = {isa = PBXBuildFile; fileRef = 321AD94E2B9372AC00F2E8E8 /* ReviewProvider.swift */; };
		321AD9512B9374DA00F2E8E8 /* Double.swift in Sources */ = {isa = PBXBuildFile; fileRef = 321AD9502B9374DA00F2E8E8 /* Double.swift */; };
		32659E712BB8376B00DA46AE /* CoinImageService.swift in Sources */ = {isa = PBXBuildFile; fileRef = 32659E702BB8376B00DA46AE /* CoinImageService.swift */; };
		327CCC722B8BB114008ACECE /* CryptoTrackApp.swift in Sources */ = {isa = PBXBuildFile; fileRef = 327CCC712B8BB114008ACECE /* CryptoTrackApp.swift */; };
		327CCC742B8BB114008ACECE /* ContentView.swift in Sources */ = {isa = PBXBuildFile; fileRef = 327CCC732B8BB114008ACECE /* ContentView.swift */; };
		327CCC762B8BB116008ACECE /* Assets.xcassets in Resources */ = {isa = PBXBuildFile; fileRef = 327CCC752B8BB116008ACECE /* Assets.xcassets */; };
		327CCC792B8BB116008ACECE /* Preview Assets.xcassets in Resources */ = {isa = PBXBuildFile; fileRef = 327CCC782B8BB116008ACECE /* Preview Assets.xcassets */; };
		327CCC812B8BB37F008ACECE /* Color.swift in Sources */ = {isa = PBXBuildFile; fileRef = 327CCC802B8BB37F008ACECE /* Color.swift */; };
		327CCC872B8BB6B6008ACECE /* HomeView.swift in Sources */ = {isa = PBXBuildFile; fileRef = 327CCC862B8BB6B6008ACECE /* HomeView.swift */; };
		327CCC8B2B8BB9C3008ACECE /* CircleButtonView.swift in Sources */ = {isa = PBXBuildFile; fileRef = 327CCC8A2B8BB9C3008ACECE /* CircleButtonView.swift */; };
		328836A12B94B4B20039B511 /* HomeViewModel.swift in Sources */ = {isa = PBXBuildFile; fileRef = 328836A02B94B4B20039B511 /* HomeViewModel.swift */; };
		328836A32B94CBA40039B511 /* CoinDataService.swift in Sources */ = {isa = PBXBuildFile; fileRef = 328836A22B94CBA40039B511 /* CoinDataService.swift */; };
		32B4A8032B8BC13900807170 /* CircleButtonAnimationView.swift in Sources */ = {isa = PBXBuildFile; fileRef = 32B4A8022B8BC13900807170 /* CircleButtonAnimationView.swift */; };
		32BF368B2BB850A100458B27 /* CoinImageViewModel.swift in Sources */ = {isa = PBXBuildFile; fileRef = 32BF368A2BB850A100458B27 /* CoinImageViewModel.swift */; };
		32BF368D2BB87FC800458B27 /* LocalFileManager.swift in Sources */ = {isa = PBXBuildFile; fileRef = 32BF368C2BB87FC800458B27 /* LocalFileManager.swift */; };
		32C0F99F2BB956F200D72475 /* SearchBarView.swift in Sources */ = {isa = PBXBuildFile; fileRef = 32C0F99E2BB956F200D72475 /* SearchBarView.swift */; };
		32C0F9A22BB9686F00D72475 /* UIApplication.swift in Sources */ = {isa = PBXBuildFile; fileRef = 32C0F9A12BB9686F00D72475 /* UIApplication.swift */; };
		32E194F92BB7392900164ED4 /* NetworkingManager.swift in Sources */ = {isa = PBXBuildFile; fileRef = 32E194F82BB7392900164ED4 /* NetworkingManager.swift */; };
		32E194FC2BB7619400164ED4 /* CoinImageView.swift in Sources */ = {isa = PBXBuildFile; fileRef = 32E194FB2BB7619300164ED4 /* CoinImageView.swift */; };
/* End PBXBuildFile section */

/* Begin PBXFileReference section */
		321AD9482B9357B900F2E8E8 /* CoinModel.swift */ = {isa = PBXFileReference; fileEncoding = 4; lastKnownFileType = sourcecode.swift; path = CoinModel.swift; sourceTree = "<group>"; };
		321AD94A2B936F5200F2E8E8 /* ApiCalls.swift */ = {isa = PBXFileReference; fileEncoding = 4; lastKnownFileType = sourcecode.swift; path = ApiCalls.swift; sourceTree = "<group>"; };
		321AD94C2B93701B00F2E8E8 /* CoinRowView.swift */ = {isa = PBXFileReference; fileEncoding = 4; lastKnownFileType = sourcecode.swift; path = CoinRowView.swift; sourceTree = "<group>"; };
		321AD94E2B9372AC00F2E8E8 /* ReviewProvider.swift */ = {isa = PBXFileReference; fileEncoding = 4; lastKnownFileType = sourcecode.swift; path = ReviewProvider.swift; sourceTree = "<group>"; };
		321AD9502B9374DA00F2E8E8 /* Double.swift */ = {isa = PBXFileReference; lastKnownFileType = sourcecode.swift; path = Double.swift; sourceTree = "<group>"; };
		32659E702BB8376B00DA46AE /* CoinImageService.swift */ = {isa = PBXFileReference; lastKnownFileType = sourcecode.swift; path = CoinImageService.swift; sourceTree = "<group>"; };
		327CCC6E2B8BB114008ACECE /* CryptoTrack.app */ = {isa = PBXFileReference; explicitFileType = wrapper.application; includeInIndex = 0; path = CryptoTrack.app; sourceTree = BUILT_PRODUCTS_DIR; };
		327CCC712B8BB114008ACECE /* CryptoTrackApp.swift */ = {isa = PBXFileReference; lastKnownFileType = sourcecode.swift; path = CryptoTrackApp.swift; sourceTree = "<group>"; };
		327CCC732B8BB114008ACECE /* ContentView.swift */ = {isa = PBXFileReference; lastKnownFileType = sourcecode.swift; path = ContentView.swift; sourceTree = "<group>"; };
		327CCC752B8BB116008ACECE /* Assets.xcassets */ = {isa = PBXFileReference; lastKnownFileType = folder.assetcatalog; path = Assets.xcassets; sourceTree = "<group>"; };
		327CCC782B8BB116008ACECE /* Preview Assets.xcassets */ = {isa = PBXFileReference; lastKnownFileType = folder.assetcatalog; path = "Preview Assets.xcassets"; sourceTree = "<group>"; };
		327CCC802B8BB37F008ACECE /* Color.swift */ = {isa = PBXFileReference; lastKnownFileType = sourcecode.swift; path = Color.swift; sourceTree = "<group>"; };
		327CCC862B8BB6B6008ACECE /* HomeView.swift */ = {isa = PBXFileReference; lastKnownFileType = sourcecode.swift; path = HomeView.swift; sourceTree = "<group>"; };
		327CCC8A2B8BB9C3008ACECE /* CircleButtonView.swift */ = {isa = PBXFileReference; lastKnownFileType = sourcecode.swift; path = CircleButtonView.swift; sourceTree = "<group>"; };
		328836A02B94B4B20039B511 /* HomeViewModel.swift */ = {isa = PBXFileReference; lastKnownFileType = sourcecode.swift; path = HomeViewModel.swift; sourceTree = "<group>"; };
		328836A22B94CBA40039B511 /* CoinDataService.swift */ = {isa = PBXFileReference; lastKnownFileType = sourcecode.swift; path = CoinDataService.swift; sourceTree = "<group>"; };
		32B4A8022B8BC13900807170 /* CircleButtonAnimationView.swift */ = {isa = PBXFileReference; lastKnownFileType = sourcecode.swift; path = CircleButtonAnimationView.swift; sourceTree = "<group>"; };
		32BF368A2BB850A100458B27 /* CoinImageViewModel.swift */ = {isa = PBXFileReference; lastKnownFileType = sourcecode.swift; path = CoinImageViewModel.swift; sourceTree = "<group>"; };
		32BF368C2BB87FC800458B27 /* LocalFileManager.swift */ = {isa = PBXFileReference; lastKnownFileType = sourcecode.swift; path = LocalFileManager.swift; sourceTree = "<group>"; };
		32C0F99E2BB956F200D72475 /* SearchBarView.swift */ = {isa = PBXFileReference; lastKnownFileType = sourcecode.swift; path = SearchBarView.swift; sourceTree = "<group>"; };
		32C0F9A12BB9686F00D72475 /* UIApplication.swift */ = {isa = PBXFileReference; lastKnownFileType = sourcecode.swift; path = UIApplication.swift; sourceTree = "<group>"; };
		32E194F82BB7392900164ED4 /* NetworkingManager.swift */ = {isa = PBXFileReference; lastKnownFileType = sourcecode.swift; path = NetworkingManager.swift; sourceTree = "<group>"; };
		32E194FB2BB7619300164ED4 /* CoinImageView.swift */ = {isa = PBXFileReference; lastKnownFileType = sourcecode.swift; path = CoinImageView.swift; sourceTree = "<group>"; };
/* End PBXFileReference section */

/* Begin PBXFrameworksBuildPhase section */
		327CCC6B2B8BB114008ACECE /* Frameworks */ = {
			isa = PBXFrameworksBuildPhase;
			buildActionMask = 2147483647;
			files = (
			);
			runOnlyForDeploymentPostprocessing = 0;
		};
/* End PBXFrameworksBuildPhase section */

/* Begin PBXGroup section */
		327CCC652B8BB114008ACECE = {
			isa = PBXGroup;
			children = (
				327CCC702B8BB114008ACECE /* CryptoTrack */,
				327CCC6F2B8BB114008ACECE /* Products */,
			);
			sourceTree = "<group>";
		};
		327CCC6F2B8BB114008ACECE /* Products */ = {
			isa = PBXGroup;
			children = (
				327CCC6E2B8BB114008ACECE /* CryptoTrack.app */,
			);
			name = Products;
			sourceTree = "<group>";
		};
		327CCC702B8BB114008ACECE /* CryptoTrack */ = {
			isa = PBXGroup;
			children = (
				32E194F72BB7390300164ED4 /* Utilities */,
				32EE7DDC2BB4437200D9DC6C /* Services */,
				505BCD542B8CC0D20074245D /* Network */,
				505BCD512B8CBDF60074245D /* Models */,
				327CCC822B8BB673008ACECE /* Core */,
				327CCC7F2B8BB367008ACECE /* Extensions */,
				327CCC712B8BB114008ACECE /* CryptoTrackApp.swift */,
				327CCC732B8BB114008ACECE /* ContentView.swift */,
				327CCC752B8BB116008ACECE /* Assets.xcassets */,
				327CCC772B8BB116008ACECE /* Preview Content */,
			);
			path = CryptoTrack;
			sourceTree = "<group>";
		};
		327CCC772B8BB116008ACECE /* Preview Content */ = {
			isa = PBXGroup;
			children = (
				327CCC782B8BB116008ACECE /* Preview Assets.xcassets */,
			);
			path = "Preview Content";
			sourceTree = "<group>";
		};
		327CCC7F2B8BB367008ACECE /* Extensions */ = {
			isa = PBXGroup;
			children = (
				321AD94E2B9372AC00F2E8E8 /* ReviewProvider.swift */,
				327CCC802B8BB37F008ACECE /* Color.swift */,
				321AD9502B9374DA00F2E8E8 /* Double.swift */,
				32C0F9A12BB9686F00D72475 /* UIApplication.swift */,
			);
			path = Extensions;
			sourceTree = "<group>";
		};
		327CCC822B8BB673008ACECE /* Core */ = {
			isa = PBXGroup;
			children = (
				327CCC882B8BB98A008ACECE /* Components */,
				327CCC832B8BB67C008ACECE /* Home */,
			);
			path = Core;
			sourceTree = "<group>";
		};
		327CCC832B8BB67C008ACECE /* Home */ = {
			isa = PBXGroup;
			children = (
				327CCC852B8BB68D008ACECE /* ViewModels */,
				327CCC842B8BB684008ACECE /* View */,
			);
			path = Home;
			sourceTree = "<group>";
		};
		327CCC842B8BB684008ACECE /* View */ = {
			isa = PBXGroup;
			children = (
				321AD94C2B93701B00F2E8E8 /* CoinRowView.swift */,
				327CCC862B8BB6B6008ACECE /* HomeView.swift */,
			);
			path = View;
			sourceTree = "<group>";
		};
		327CCC852B8BB68D008ACECE /* ViewModels */ = {
			isa = PBXGroup;
			children = (
				328836A02B94B4B20039B511 /* HomeViewModel.swift */,
			);
			path = ViewModels;
			sourceTree = "<group>";
		};
		327CCC882B8BB98A008ACECE /* Components */ = {
			isa = PBXGroup;
			children = (
				32C0F9A02BB956F900D72475 /* SearchBar */,
				32E194FA2BB7617600164ED4 /* CoinImage */,
				327CCC892B8BB9A7008ACECE /* CircleButton */,
			);
			path = Components;
			sourceTree = "<group>";
		};
		327CCC892B8BB9A7008ACECE /* CircleButton */ = {
			isa = PBXGroup;
			children = (
				327CCC8A2B8BB9C3008ACECE /* CircleButtonView.swift */,
				32B4A8022B8BC13900807170 /* CircleButtonAnimationView.swift */,
			);
			path = CircleButton;
			sourceTree = "<group>";
		};
		32C0F9A02BB956F900D72475 /* SearchBar */ = {
			isa = PBXGroup;
			children = (
				32C0F99E2BB956F200D72475 /* SearchBarView.swift */,
			);
			path = SearchBar;
			sourceTree = "<group>";
		};
		32E194F72BB7390300164ED4 /* Utilities */ = {
			isa = PBXGroup;
			children = (
				32E194F82BB7392900164ED4 /* NetworkingManager.swift */,
				32BF368C2BB87FC800458B27 /* LocalFileManager.swift */,
			);
			path = Utilities;
			sourceTree = "<group>";
		};
		32E194FA2BB7617600164ED4 /* CoinImage */ = {
			isa = PBXGroup;
			children = (
				32E194FB2BB7619300164ED4 /* CoinImageView.swift */,
				32BF368A2BB850A100458B27 /* CoinImageViewModel.swift */,
			);
			path = CoinImage;
			sourceTree = "<group>";
		};
		32EE7DDC2BB4437200D9DC6C /* Services */ = {
			isa = PBXGroup;
			children = (
				328836A22B94CBA40039B511 /* CoinDataService.swift */,
				32659E702BB8376B00DA46AE /* CoinImageService.swift */,
			);
			path = Services;
			sourceTree = "<group>";
		};
		505BCD512B8CBDF60074245D /* Models */ = {
			isa = PBXGroup;
			children = (
				321AD9482B9357B900F2E8E8 /* CoinModel.swift */,
			);
			path = Models;
			sourceTree = "<group>";
		};
		505BCD542B8CC0D20074245D /* Network */ = {
			isa = PBXGroup;
			children = (
				321AD94A2B936F5200F2E8E8 /* ApiCalls.swift */,
			);
			path = Network;
			sourceTree = "<group>";
		};
/* End PBXGroup section */

/* Begin PBXNativeTarget section */
		327CCC6D2B8BB114008ACECE /* CryptoTrack */ = {
			isa = PBXNativeTarget;
			buildConfigurationList = 327CCC7C2B8BB116008ACECE /* Build configuration list for PBXNativeTarget "CryptoTrack" */;
			buildPhases = (
				327CCC6A2B8BB114008ACECE /* Sources */,
				327CCC6B2B8BB114008ACECE /* Frameworks */,
				327CCC6C2B8BB114008ACECE /* Resources */,
			);
			buildRules = (
			);
			dependencies = (
			);
			name = CryptoTrack;
			productName = CryptoTrack;
			productReference = 327CCC6E2B8BB114008ACECE /* CryptoTrack.app */;
			productType = "com.apple.product-type.application";
		};
/* End PBXNativeTarget section */

/* Begin PBXProject section */
		327CCC662B8BB114008ACECE /* Project object */ = {
			isa = PBXProject;
			attributes = {
				BuildIndependentTargetsInParallel = 1;
				LastSwiftUpdateCheck = 1520;
				LastUpgradeCheck = 1520;
				TargetAttributes = {
					327CCC6D2B8BB114008ACECE = {
						CreatedOnToolsVersion = 15.2;
					};
				};
			};
			buildConfigurationList = 327CCC692B8BB114008ACECE /* Build configuration list for PBXProject "CryptoTrack" */;
			compatibilityVersion = "Xcode 14.0";
			developmentRegion = en;
			hasScannedForEncodings = 0;
			knownRegions = (
				en,
				Base,
			);
			mainGroup = 327CCC652B8BB114008ACECE;
			productRefGroup = 327CCC6F2B8BB114008ACECE /* Products */;
			projectDirPath = "";
			projectRoot = "";
			targets = (
				327CCC6D2B8BB114008ACECE /* CryptoTrack */,
			);
		};
/* End PBXProject section */

/* Begin PBXResourcesBuildPhase section */
		327CCC6C2B8BB114008ACECE /* Resources */ = {
			isa = PBXResourcesBuildPhase;
			buildActionMask = 2147483647;
			files = (
				327CCC792B8BB116008ACECE /* Preview Assets.xcassets in Resources */,
				327CCC762B8BB116008ACECE /* Assets.xcassets in Resources */,
			);
			runOnlyForDeploymentPostprocessing = 0;
		};
/* End PBXResourcesBuildPhase section */

/* Begin PBXSourcesBuildPhase section */
		327CCC6A2B8BB114008ACECE /* Sources */ = {
			isa = PBXSourcesBuildPhase;
			buildActionMask = 2147483647;
			files = (
				321AD94F2B9372AC00F2E8E8 /* ReviewProvider.swift in Sources */,
				321AD94D2B93701B00F2E8E8 /* CoinRowView.swift in Sources */,
				327CCC742B8BB114008ACECE /* ContentView.swift in Sources */,
				327CCC872B8BB6B6008ACECE /* HomeView.swift in Sources */,
				321AD94B2B936F5200F2E8E8 /* ApiCalls.swift in Sources */,
				328836A32B94CBA40039B511 /* CoinDataService.swift in Sources */,
				327CCC722B8BB114008ACECE /* CryptoTrackApp.swift in Sources */,
				327CCC8B2B8BB9C3008ACECE /* CircleButtonView.swift in Sources */,
				32C0F9A22BB9686F00D72475 /* UIApplication.swift in Sources */,
				32BF368B2BB850A100458B27 /* CoinImageViewModel.swift in Sources */,
				328836A12B94B4B20039B511 /* HomeViewModel.swift in Sources */,
				327CCC812B8BB37F008ACECE /* Color.swift in Sources */,
				32BF368D2BB87FC800458B27 /* LocalFileManager.swift in Sources */,
				32C0F99F2BB956F200D72475 /* SearchBarView.swift in Sources */,
				32B4A8032B8BC13900807170 /* CircleButtonAnimationView.swift in Sources */,
				32E194FC2BB7619400164ED4 /* CoinImageView.swift in Sources */,
				321AD9512B9374DA00F2E8E8 /* Double.swift in Sources */,
				321AD9492B9357B900F2E8E8 /* CoinModel.swift in Sources */,
				32659E712BB8376B00DA46AE /* CoinImageService.swift in Sources */,
				32E194F92BB7392900164ED4 /* NetworkingManager.swift in Sources */,
			);
			runOnlyForDeploymentPostprocessing = 0;
		};
/* End PBXSourcesBuildPhase section */

/* Begin XCBuildConfiguration section */
		327CCC7A2B8BB116008ACECE /* Debug */ = {
			isa = XCBuildConfiguration;
			buildSettings = {
				ALWAYS_SEARCH_USER_PATHS = NO;
				ASSETCATALOG_COMPILER_GENERATE_SWIFT_ASSET_SYMBOL_EXTENSIONS = YES;
				CLANG_ANALYZER_NONNULL = YES;
				CLANG_ANALYZER_NUMBER_OBJECT_CONVERSION = YES_AGGRESSIVE;
				CLANG_CXX_LANGUAGE_STANDARD = "gnu++20";
				CLANG_ENABLE_MODULES = YES;
				CLANG_ENABLE_OBJC_ARC = YES;
				CLANG_ENABLE_OBJC_WEAK = YES;
				CLANG_WARN_BLOCK_CAPTURE_AUTORELEASING = YES;
				CLANG_WARN_BOOL_CONVERSION = YES;
				CLANG_WARN_COMMA = YES;
				CLANG_WARN_CONSTANT_CONVERSION = YES;
				CLANG_WARN_DEPRECATED_OBJC_IMPLEMENTATIONS = YES;
				CLANG_WARN_DIRECT_OBJC_ISA_USAGE = YES_ERROR;
				CLANG_WARN_DOCUMENTATION_COMMENTS = YES;
				CLANG_WARN_EMPTY_BODY = YES;
				CLANG_WARN_ENUM_CONVERSION = YES;
				CLANG_WARN_INFINITE_RECURSION = YES;
				CLANG_WARN_INT_CONVERSION = YES;
				CLANG_WARN_NON_LITERAL_NULL_CONVERSION = YES;
				CLANG_WARN_OBJC_IMPLICIT_RETAIN_SELF = YES;
				CLANG_WARN_OBJC_LITERAL_CONVERSION = YES;
				CLANG_WARN_OBJC_ROOT_CLASS = YES_ERROR;
				CLANG_WARN_QUOTED_INCLUDE_IN_FRAMEWORK_HEADER = YES;
				CLANG_WARN_RANGE_LOOP_ANALYSIS = YES;
				CLANG_WARN_STRICT_PROTOTYPES = YES;
				CLANG_WARN_SUSPICIOUS_MOVE = YES;
				CLANG_WARN_UNGUARDED_AVAILABILITY = YES_AGGRESSIVE;
				CLANG_WARN_UNREACHABLE_CODE = YES;
				CLANG_WARN__DUPLICATE_METHOD_MATCH = YES;
				COPY_PHASE_STRIP = NO;
				DEBUG_INFORMATION_FORMAT = dwarf;
				ENABLE_STRICT_OBJC_MSGSEND = YES;
				ENABLE_TESTABILITY = YES;
				ENABLE_USER_SCRIPT_SANDBOXING = YES;
				GCC_C_LANGUAGE_STANDARD = gnu17;
				GCC_DYNAMIC_NO_PIC = NO;
				GCC_NO_COMMON_BLOCKS = YES;
				GCC_OPTIMIZATION_LEVEL = 0;
				GCC_PREPROCESSOR_DEFINITIONS = (
					"DEBUG=1",
					"$(inherited)",
				);
				GCC_WARN_64_TO_32_BIT_CONVERSION = YES;
				GCC_WARN_ABOUT_RETURN_TYPE = YES_ERROR;
				GCC_WARN_UNDECLARED_SELECTOR = YES;
				GCC_WARN_UNINITIALIZED_AUTOS = YES_AGGRESSIVE;
				GCC_WARN_UNUSED_FUNCTION = YES;
				GCC_WARN_UNUSED_VARIABLE = YES;
				IPHONEOS_DEPLOYMENT_TARGET = 17.2;
				LOCALIZATION_PREFERS_STRING_CATALOGS = YES;
				MTL_ENABLE_DEBUG_INFO = INCLUDE_SOURCE;
				MTL_FAST_MATH = YES;
				ONLY_ACTIVE_ARCH = YES;
				SDKROOT = iphoneos;
				SWIFT_ACTIVE_COMPILATION_CONDITIONS = "DEBUG $(inherited)";
				SWIFT_OPTIMIZATION_LEVEL = "-Onone";
			};
			name = Debug;
		};
		327CCC7B2B8BB116008ACECE /* Release */ = {
			isa = XCBuildConfiguration;
			buildSettings = {
				ALWAYS_SEARCH_USER_PATHS = NO;
				ASSETCATALOG_COMPILER_GENERATE_SWIFT_ASSET_SYMBOL_EXTENSIONS = YES;
				CLANG_ANALYZER_NONNULL = YES;
				CLANG_ANALYZER_NUMBER_OBJECT_CONVERSION = YES_AGGRESSIVE;
				CLANG_CXX_LANGUAGE_STANDARD = "gnu++20";
				CLANG_ENABLE_MODULES = YES;
				CLANG_ENABLE_OBJC_ARC = YES;
				CLANG_ENABLE_OBJC_WEAK = YES;
				CLANG_WARN_BLOCK_CAPTURE_AUTORELEASING = YES;
				CLANG_WARN_BOOL_CONVERSION = YES;
				CLANG_WARN_COMMA = YES;
				CLANG_WARN_CONSTANT_CONVERSION = YES;
				CLANG_WARN_DEPRECATED_OBJC_IMPLEMENTATIONS = YES;
				CLANG_WARN_DIRECT_OBJC_ISA_USAGE = YES_ERROR;
				CLANG_WARN_DOCUMENTATION_COMMENTS = YES;
				CLANG_WARN_EMPTY_BODY = YES;
				CLANG_WARN_ENUM_CONVERSION = YES;
				CLANG_WARN_INFINITE_RECURSION = YES;
				CLANG_WARN_INT_CONVERSION = YES;
				CLANG_WARN_NON_LITERAL_NULL_CONVERSION = YES;
				CLANG_WARN_OBJC_IMPLICIT_RETAIN_SELF = YES;
				CLANG_WARN_OBJC_LITERAL_CONVERSION = YES;
				CLANG_WARN_OBJC_ROOT_CLASS = YES_ERROR;
				CLANG_WARN_QUOTED_INCLUDE_IN_FRAMEWORK_HEADER = YES;
				CLANG_WARN_RANGE_LOOP_ANALYSIS = YES;
				CLANG_WARN_STRICT_PROTOTYPES = YES;
				CLANG_WARN_SUSPICIOUS_MOVE = YES;
				CLANG_WARN_UNGUARDED_AVAILABILITY = YES_AGGRESSIVE;
				CLANG_WARN_UNREACHABLE_CODE = YES;
				CLANG_WARN__DUPLICATE_METHOD_MATCH = YES;
				COPY_PHASE_STRIP = NO;
				DEBUG_INFORMATION_FORMAT = "dwarf-with-dsym";
				ENABLE_NS_ASSERTIONS = NO;
				ENABLE_STRICT_OBJC_MSGSEND = YES;
				ENABLE_USER_SCRIPT_SANDBOXING = YES;
				GCC_C_LANGUAGE_STANDARD = gnu17;
				GCC_NO_COMMON_BLOCKS = YES;
				GCC_WARN_64_TO_32_BIT_CONVERSION = YES;
				GCC_WARN_ABOUT_RETURN_TYPE = YES_ERROR;
				GCC_WARN_UNDECLARED_SELECTOR = YES;
				GCC_WARN_UNINITIALIZED_AUTOS = YES_AGGRESSIVE;
				GCC_WARN_UNUSED_FUNCTION = YES;
				GCC_WARN_UNUSED_VARIABLE = YES;
				IPHONEOS_DEPLOYMENT_TARGET = 17.2;
				LOCALIZATION_PREFERS_STRING_CATALOGS = YES;
				MTL_ENABLE_DEBUG_INFO = NO;
				MTL_FAST_MATH = YES;
				SDKROOT = iphoneos;
				SWIFT_COMPILATION_MODE = wholemodule;
				VALIDATE_PRODUCT = YES;
			};
			name = Release;
		};
		327CCC7D2B8BB116008ACECE /* Debug */ = {
			isa = XCBuildConfiguration;
			buildSettings = {
				ASSETCATALOG_COMPILER_APPICON_NAME = AppIcon;
				ASSETCATALOG_COMPILER_GLOBAL_ACCENT_COLOR_NAME = AccentColor;
				CODE_SIGN_STYLE = Automatic;
				CURRENT_PROJECT_VERSION = 1;
				DEVELOPMENT_ASSET_PATHS = "\"CryptoTrack/Preview Content\"";
				DEVELOPMENT_TEAM = RT42R97C6S;
				ENABLE_PREVIEWS = YES;
				GENERATE_INFOPLIST_FILE = YES;
				INFOPLIST_KEY_CFBundleDisplayName = "Crypto Tracker";
				INFOPLIST_KEY_UIApplicationSceneManifest_Generation = YES;
				INFOPLIST_KEY_UIApplicationSupportsIndirectInputEvents = YES;
				INFOPLIST_KEY_UILaunchScreen_Generation = YES;
				INFOPLIST_KEY_UISupportedInterfaceOrientations = UIInterfaceOrientationPortrait;
				IPHONEOS_DEPLOYMENT_TARGET = 14.0;
				LD_RUNPATH_SEARCH_PATHS = (
					"$(inherited)",
					"@executable_path/Frameworks",
				);
				MARKETING_VERSION = 1.0;
				PRODUCT_BUNDLE_IDENTIFIER = com.sp.CryptoTrack;
				PRODUCT_NAME = "$(TARGET_NAME)";
				SWIFT_EMIT_LOC_STRINGS = YES;
				SWIFT_VERSION = 5.0;
				TARGETED_DEVICE_FAMILY = "1,2";
			};
			name = Debug;
		};
		327CCC7E2B8BB116008ACECE /* Release */ = {
			isa = XCBuildConfiguration;
			buildSettings = {
				ASSETCATALOG_COMPILER_APPICON_NAME = AppIcon;
				ASSETCATALOG_COMPILER_GLOBAL_ACCENT_COLOR_NAME = AccentColor;
				CODE_SIGN_STYLE = Automatic;
				CURRENT_PROJECT_VERSION = 1;
				DEVELOPMENT_ASSET_PATHS = "\"CryptoTrack/Preview Content\"";
				DEVELOPMENT_TEAM = RT42R97C6S;
				ENABLE_PREVIEWS = YES;
				GENERATE_INFOPLIST_FILE = YES;
				INFOPLIST_KEY_CFBundleDisplayName = "Crypto Tracker";
				INFOPLIST_KEY_UIApplicationSceneManifest_Generation = YES;
				INFOPLIST_KEY_UIApplicationSupportsIndirectInputEvents = YES;
				INFOPLIST_KEY_UILaunchScreen_Generation = YES;
				INFOPLIST_KEY_UISupportedInterfaceOrientations = UIInterfaceOrientationPortrait;
				IPHONEOS_DEPLOYMENT_TARGET = 14.0;
				LD_RUNPATH_SEARCH_PATHS = (
					"$(inherited)",
					"@executable_path/Frameworks",
				);
				MARKETING_VERSION = 1.0;
				PRODUCT_BUNDLE_IDENTIFIER = com.sp.CryptoTrack;
				PRODUCT_NAME = "$(TARGET_NAME)";
				SWIFT_EMIT_LOC_STRINGS = YES;
				SWIFT_VERSION = 5.0;
				TARGETED_DEVICE_FAMILY = "1,2";
			};
			name = Release;
		};
/* End XCBuildConfiguration section */

/* Begin XCConfigurationList section */
		327CCC692B8BB114008ACECE /* Build configuration list for PBXProject "CryptoTrack" */ = {
			isa = XCConfigurationList;
			buildConfigurations = (
				327CCC7A2B8BB116008ACECE /* Debug */,
				327CCC7B2B8BB116008ACECE /* Release */,
			);
			defaultConfigurationIsVisible = 0;
			defaultConfigurationName = Release;
		};
		327CCC7C2B8BB116008ACECE /* Build configuration list for PBXNativeTarget "CryptoTrack" */ = {
			isa = XCConfigurationList;
			buildConfigurations = (
				327CCC7D2B8BB116008ACECE /* Debug */,
				327CCC7E2B8BB116008ACECE /* Release */,
			);
			defaultConfigurationIsVisible = 0;
			defaultConfigurationName = Release;
		};
/* End XCConfigurationList section */
	};
	rootObject = 327CCC662B8BB114008ACECE /* Project object */;
}
